github.com/modelcontextprotocol/go-sdk v1.3.1 h1:TfqtNKOIWN4Z1oqmPAiWDC2Jq7K9OdJaooe0teoXASI=
github.com/modelcontextprotocol/go-sdk v1.3.1/go.mod h1:DgVX498dMD8UJlseK1S5i1T4tFz2fkBk4xogC3D15nw=
go.yaml.in/yaml/v2 v2.4.3 h1:6gvOSjQoTB3vt1l+CU+tSyi/HOjfOjRLJ4YwYZGwRO0=
go.yaml.in/yaml/v2 v2.4.3/go.mod h1:zSxWcmIDjOzPXpjlTTbAsKokqkDNAVtZO0WOMiT90s8=
gopkg.in/check.v1 v0.0.0-20161208181325-20d25e280405/go.mod h1:Co6ibVJAznAaIkqp8huTwlJQCZ016jof/cbN4VW5Yz0=
k8s.io/api v0.36.0 h1:SgqDhZzHdOtMk40xVSvCXkP9ME0H05hPM3p9AB1kL80=
k8s.io/api v0.36.0/go.mod h1:m1LVrGPNYax5NBHdO+QuAedXyuzTt4RryI/qnmNvs34=
k8s.io/apimachinery v0.36.0 h1:jZyPzhd5Z+3h9vJLt0z9XdzW9VzNzWAUw+P1xZ9PXtQ=
k8s.io/apimachinery v0.36.0/go.mod h1:FklypaRJt6n5wUIwWXIP6GJlIpUizTgfo1T/As+Tyxc=
k8s.io/client-go v0.36.0 h1:pOYi7C4RHChYjMiHpZSpSbIM6ZxVbRXBy7CuiIwqA3c=
k8s.io/client-go v0.36.0/go.mod h1:ZKKcpwF0aLYfkHFCjillCKaTK/yBkEDHTDXCFY6AS9Y=
sigs.k8s.io/yaml v1.6.0 h1:G8fkbMSAFqgEFgh4b1wmtzDnioxFCUgTZhlbj5P9QYs=
sigs.k8s.io/yaml v1.6.0/go.mod h1:796bPqUfzR/0jLAl6XjHl3Ck7MiyVv8dbTdyT3/pMf4=
